// !$*UTF8*$!
{
	archiveVersion = 1;
	classes = {
	};
	objectVersion = 55;
	objects = {

/* Begin PBXBuildFile section */
		948246832716F4E800B4A956 /* AppDelegate.swift in Sources */ = {isa = PBXBuildFile; fileRef = 948246822716F4E800B4A956 /* AppDelegate.swift */; };
		9482468C2716F4EB00B4A956 /* Assets.xcassets in Resources */ = {isa = PBXBuildFile; fileRef = 9482468B2716F4EB00B4A956 /* Assets.xcassets */; };
		9482468F2716F4EB00B4A956 /* LaunchScreen.storyboard in Resources */ = {isa = PBXBuildFile; fileRef = 9482468D2716F4EB00B4A956 /* LaunchScreen.storyboard */; };
		948246982716F5C200B4A956 /* PicturesViewController.swift in Sources */ = {isa = PBXBuildFile; fileRef = 948246972716F5C200B4A956 /* PicturesViewController.swift */; };
		9482469B2716F77000B4A956 /* NetworkManager.swift in Sources */ = {isa = PBXBuildFile; fileRef = 9482469A2716F77000B4A956 /* NetworkManager.swift */; };
		948246A12717099200B4A956 /* PicturesCollectionViewCell.swift in Sources */ = {isa = PBXBuildFile; fileRef = 948246A02717099200B4A956 /* PicturesCollectionViewCell.swift */; };
		948246A62717352800B4A956 /* PicturesDetalisViewController.swift in Sources */ = {isa = PBXBuildFile; fileRef = 948246A52717352800B4A956 /* PicturesDetalisViewController.swift */; };
		948246A82717355900B4A956 /* APIResponse.swift in Sources */ = {isa = PBXBuildFile; fileRef = 948246A72717355900B4A956 /* APIResponse.swift */; };
/* End PBXBuildFile section */

/* Begin PBXFileReference section */
		9482467F2716F4E800B4A956 /* RentaTeam.app */ = {isa = PBXFileReference; explicitFileType = wrapper.application; includeInIndex = 0; path = RentaTeam.app; sourceTree = BUILT_PRODUCTS_DIR; };
		948246822716F4E800B4A956 /* AppDelegate.swift */ = {isa = PBXFileReference; lastKnownFileType = sourcecode.swift; path = AppDelegate.swift; sourceTree = "<group>"; };
		9482468B2716F4EB00B4A956 /* Assets.xcassets */ = {isa = PBXFileReference; lastKnownFileType = folder.assetcatalog; path = Assets.xcassets; sourceTree = "<group>"; };
		9482468E2716F4EB00B4A956 /* Base */ = {isa = PBXFileReference; lastKnownFileType = file.storyboard; name = Base; path = Base.lproj/LaunchScreen.storyboard; sourceTree = "<group>"; };
		948246902716F4EB00B4A956 /* Info.plist */ = {isa = PBXFileReference; lastKnownFileType = text.plist.xml; path = Info.plist; sourceTree = "<group>"; };
		948246972716F5C200B4A956 /* PicturesViewController.swift */ = {isa = PBXFileReference; lastKnownFileType = sourcecode.swift; path = PicturesViewController.swift; sourceTree = "<group>"; };
		9482469A2716F77000B4A956 /* NetworkManager.swift */ = {isa = PBXFileReference; lastKnownFileType = sourcecode.swift; path = NetworkManager.swift; sourceTree = "<group>"; };
		948246A02717099200B4A956 /* PicturesCollectionViewCell.swift */ = {isa = PBXFileReference; lastKnownFileType = sourcecode.swift; path = PicturesCollectionViewCell.swift; sourceTree = "<group>"; };
		948246A52717352800B4A956 /* PicturesDetalisViewController.swift */ = {isa = PBXFileReference; lastKnownFileType = sourcecode.swift; path = PicturesDetalisViewController.swift; sourceTree = "<group>"; };
		948246A72717355900B4A956 /* APIResponse.swift */ = {isa = PBXFileReference; lastKnownFileType = sourcecode.swift; path = APIResponse.swift; sourceTree = "<group>"; };
/* End PBXFileReference section */

/* Begin PBXFrameworksBuildPhase section */
		9482467C2716F4E800B4A956 /* Frameworks */ = {
			isa = PBXFrameworksBuildPhase;
			buildActionMask = 2147483647;
			files = (
			);
			runOnlyForDeploymentPostprocessing = 0;
		};
/* End PBXFrameworksBuildPhase section */

/* Begin PBXGroup section */
		948246762716F4E800B4A956 = {
			isa = PBXGroup;
			children = (
				948246812716F4E800B4A956 /* RentaTeam */,
				948246802716F4E800B4A956 /* Products */,
			);
			sourceTree = "<group>";
		};
		948246802716F4E800B4A956 /* Products */ = {
			isa = PBXGroup;
			children = (
				9482467F2716F4E800B4A956 /* RentaTeam.app */,
			);
			name = Products;
			sourceTree = "<group>";
		};
		948246812716F4E800B4A956 /* RentaTeam */ = {
			isa = PBXGroup;
			children = (
				948246A9271735B900B4A956 /* Resources */,
				9482469C2716F8DF00B4A956 /* Model */,
				9482469F2717097600B4A956 /* View */,
				948246962716F55800B4A956 /* Controller */,
				948246992716F74B00B4A956 /* Service */,
				948246822716F4E800B4A956 /* AppDelegate.swift */,
				948246902716F4EB00B4A956 /* Info.plist */,
			);
			path = RentaTeam;
			sourceTree = "<group>";
		};
		948246962716F55800B4A956 /* Controller */ = {
			isa = PBXGroup;
			children = (
				948246972716F5C200B4A956 /* PicturesViewController.swift */,
				948246A52717352800B4A956 /* PicturesDetalisViewController.swift */,
			);
			path = Controller;
			sourceTree = "<group>";
		};
		948246992716F74B00B4A956 /* Service */ = {
			isa = PBXGroup;
			children = (
				9482469A2716F77000B4A956 /* NetworkManager.swift */,
			);
			path = Service;
			sourceTree = "<group>";
		};
		9482469C2716F8DF00B4A956 /* Model */ = {
			isa = PBXGroup;
			children = (
				948246A72717355900B4A956 /* APIResponse.swift */,
			);
			path = Model;
			sourceTree = "<group>";
		};
		9482469F2717097600B4A956 /* View */ = {
			isa = PBXGroup;
			children = (
				948246A02717099200B4A956 /* PicturesCollectionViewCell.swift */,
			);
			path = View;
			sourceTree = "<group>";
		};
		948246A9271735B900B4A956 /* Resources */ = {
			isa = PBXGroup;
			children = (
				9482468B2716F4EB00B4A956 /* Assets.xcassets */,
				9482468D2716F4EB00B4A956 /* LaunchScreen.storyboard */,
			);
			path = Resources;
			sourceTree = "<group>";
		};
/* End PBXGroup section */

/* Begin PBXNativeTarget section */
		9482467E2716F4E800B4A956 /* RentaTeam */ = {
			isa = PBXNativeTarget;
			buildConfigurationList = 948246932716F4EB00B4A956 /* Build configuration list for PBXNativeTarget "RentaTeam" */;
			buildPhases = (
				9482467B2716F4E800B4A956 /* Sources */,
				9482467C2716F4E800B4A956 /* Frameworks */,
				9482467D2716F4E800B4A956 /* Resources */,
			);
			buildRules = (
			);
			dependencies = (
			);
			name = RentaTeam;
			productName = RentaTeam;
			productReference = 9482467F2716F4E800B4A956 /* RentaTeam.app */;
			productType = "com.apple.product-type.application";
		};
/* End PBXNativeTarget section */

/* Begin PBXProject section */
		948246772716F4E800B4A956 /* Project object */ = {
			isa = PBXProject;
			attributes = {
				BuildIndependentTargetsInParallel = 1;
				LastSwiftUpdateCheck = 1300;
				LastUpgradeCheck = 1300;
				TargetAttributes = {
					9482467E2716F4E800B4A956 = {
						CreatedOnToolsVersion = 13.0;
					};
				};
			};
			buildConfigurationList = 9482467A2716F4E800B4A956 /* Build configuration list for PBXProject "RentaTeam" */;
			compatibilityVersion = "Xcode 13.0";
			developmentRegion = en;
			hasScannedForEncodings = 0;
			knownRegions = (
				en,
				Base,
			);
			mainGroup = 948246762716F4E800B4A956;
			productRefGroup = 948246802716F4E800B4A956 /* Products */;
			projectDirPath = "";
			projectRoot = "";
			targets = (
				9482467E2716F4E800B4A956 /* RentaTeam */,
			);
		};
/* End PBXProject section */

/* Begin PBXResourcesBuildPhase section */
		9482467D2716F4E800B4A956 /* Resources */ = {
			isa = PBXResourcesBuildPhase;
			buildActionMask = 2147483647;
			files = (
				9482468F2716F4EB00B4A956 /* LaunchScreen.storyboard in Resources */,
				9482468C2716F4EB00B4A956 /* Assets.xcassets in Resources */,
			);
			runOnlyForDeploymentPostprocessing = 0;
		};
/* End PBXResourcesBuildPhase section */

/* Begin PBXSourcesBuildPhase section */
		9482467B2716F4E800B4A956 /* Sources */ = {
			isa = PBXSourcesBuildPhase;
			buildActionMask = 2147483647;
			files = (
				948246832716F4E800B4A956 /* AppDelegate.swift in Sources */,
				948246A62717352800B4A956 /* PicturesDetalisViewController.swift in Sources */,
				948246A12717099200B4A956 /* PicturesCollectionViewCell.swift in Sources */,
				9482469B2716F77000B4A956 /* NetworkManager.swift in Sources */,
				948246982716F5C200B4A956 /* PicturesViewController.swift in Sources */,
				948246A82717355900B4A956 /* APIResponse.swift in Sources */,
			);
			runOnlyForDeploymentPostprocessing = 0;
		};
/* End PBXSourcesBuildPhase section */

/* Begin PBXVariantGroup section */
		9482468D2716F4EB00B4A956 /* LaunchScreen.storyboard */ = {
			isa = PBXVariantGroup;
			children = (
				9482468E2716F4EB00B4A956 /* Base */,
			);
			name = LaunchScreen.storyboard;
			sourceTree = "<group>";
		};
/* End PBXVariantGroup section */

/* Begin XCBuildConfiguration section */
		948246912716F4EB00B4A956 /* Debug */ = {
			isa = XCBuildConfiguration;
			buildSettings = {
				ALWAYS_SEARCH_USER_PATHS = NO;
				CLANG_ANALYZER_NONNULL = YES;
				CLANG_ANALYZER_NUMBER_OBJECT_CONVERSION = YES_AGGRESSIVE;
				CLANG_CXX_LANGUAGE_STANDARD = "gnu++17";
				CLANG_CXX_LIBRARY = "libc++";
				CLANG_ENABLE_MODULES = YES;
				CLANG_ENABLE_OBJC_ARC = YES;
				CLANG_ENABLE_OBJC_WEAK = YES;
				CLANG_WARN_BLOCK_CAPTURE_AUTORELEASING = YES;
				CLANG_WARN_BOOL_CONVERSION = YES;
				CLANG_WARN_COMMA = YES;
				CLANG_WARN_CONSTANT_CONVERSION = YES;
				CLANG_WARN_DEPRECATED_OBJC_IMPLEMENTATIONS = YES;
				CLANG_WARN_DIRECT_OBJC_ISA_USAGE = YES_ERROR;
				CLANG_WARN_DOCUMENTATION_COMMENTS = YES;
				CLANG_WARN_EMPTY_BODY = YES;
				CLANG_WARN_ENUM_CONVERSION = YES;
				CLANG_WARN_INFINITE_RECURSION = YES;
				CLANG_WARN_INT_CONVERSION = YES;
				CLANG_WARN_NON_LITERAL_NULL_CONVERSION = YES;
				CLANG_WARN_OBJC_IMPLICIT_RETAIN_SELF = YES;
				CLANG_WARN_OBJC_LITERAL_CONVERSION = YES;
				CLANG_WARN_OBJC_ROOT_CLASS = YES_ERROR;
				CLANG_WARN_QUOTED_INCLUDE_IN_FRAMEWORK_HEADER = YES;
				CLANG_WARN_RANGE_LOOP_ANALYSIS = YES;
				CLANG_WARN_STRICT_PROTOTYPES = YES;
				CLANG_WARN_SUSPICIOUS_MOVE = YES;
				CLANG_WARN_UNGUARDED_AVAILABILITY = YES_AGGRESSIVE;
				CLANG_WARN_UNREACHABLE_CODE = YES;
				CLANG_WARN__DUPLICATE_METHOD_MATCH = YES;
				COPY_PHASE_STRIP = NO;
				DEBUG_INFORMATION_FORMAT = dwarf;
				ENABLE_STRICT_OBJC_MSGSEND = YES;
				ENABLE_TESTABILITY = YES;
				GCC_C_LANGUAGE_STANDARD = gnu11;
				GCC_DYNAMIC_NO_PIC = NO;
				GCC_NO_COMMON_BLOCKS = YES;
				GCC_OPTIMIZATION_LEVEL = 0;
				GCC_PREPROCESSOR_DEFINITIONS = (
					"DEBUG=1",
					"$(inherited)",
				);
				GCC_WARN_64_TO_32_BIT_CONVERSION = YES;
				GCC_WARN_ABOUT_RETURN_TYPE = YES_ERROR;
				GCC_WARN_UNDECLARED_SELECTOR = YES;
				GCC_WARN_UNINITIALIZED_AUTOS = YES_AGGRESSIVE;
				GCC_WARN_UNUSED_FUNCTION = YES;
				GCC_WARN_UNUSED_VARIABLE = YES;
				IPHONEOS_DEPLOYMENT_TARGET = 15.0;
				MTL_ENABLE_DEBUG_INFO = INCLUDE_SOURCE;
				MTL_FAST_MATH = YES;
				ONLY_ACTIVE_ARCH = YES;
				SDKROOT = iphoneos;
				SWIFT_ACTIVE_COMPILATION_CONDITIONS = DEBUG;
				SWIFT_OPTIMIZATION_LEVEL = "-Onone";
			};
			name = Debug;
		};
		948246922716F4EB00B4A956 /* Release */ = {
			isa = XCBuildConfiguration;
			buildSettings = {
				ALWAYS_SEARCH_USER_PATHS = NO;
				CLANG_ANALYZER_NONNULL = YES;
				CLANG_ANALYZER_NUMBER_OBJECT_CONVERSION = YES_AGGRESSIVE;
				CLANG_CXX_LANGUAGE_STANDARD = "gnu++17";
				CLANG_CXX_LIBRARY = "libc++";
				CLANG_ENABLE_MODULES = YES;
				CLANG_ENABLE_OBJC_ARC = YES;
				CLANG_ENABLE_OBJC_WEAK = YES;
				CLANG_WARN_BLOCK_CAPTURE_AUTORELEASING = YES;
				CLANG_WARN_BOOL_CONVERSION = YES;
				CLANG_WARN_COMMA = YES;
				CLANG_WARN_CONSTANT_CONVERSION = YES;
				CLANG_WARN_DEPRECATED_OBJC_IMPLEMENTATIONS = YES;
				CLANG_WARN_DIRECT_OBJC_ISA_USAGE = YES_ERROR;
				CLANG_WARN_DOCUMENTATION_COMMENTS = YES;
				CLANG_WARN_EMPTY_BODY = YES;
				CLANG_WARN_ENUM_CONVERSION = YES;
				CLANG_WARN_INFINITE_RECURSION = YES;
				CLANG_WARN_INT_CONVERSION = YES;
				CLANG_WARN_NON_LITERAL_NULL_CONVERSION = YES;
				CLANG_WARN_OBJC_IMPLICIT_RETAIN_SELF = YES;
				CLANG_WARN_OBJC_LITERAL_CONVERSION = YES;
				CLANG_WARN_OBJC_ROOT_CLASS = YES_ERROR;
				CLANG_WARN_QUOTED_INCLUDE_IN_FRAMEWORK_HEADER = YES;
				CLANG_WARN_RANGE_LOOP_ANALYSIS = YES;
				CLANG_WARN_STRICT_PROTOTYPES = YES;
				CLANG_WARN_SUSPICIOUS_MOVE = YES;
				CLANG_WARN_UNGUARDED_AVAILABILITY = YES_AGGRESSIVE;
				CLANG_WARN_UNREACHABLE_CODE = YES;
				CLANG_WARN__DUPLICATE_METHOD_MATCH = YES;
				COPY_PHASE_STRIP = NO;
				DEBUG_INFORMATION_FORMAT = "dwarf-with-dsym";
				ENABLE_NS_ASSERTIONS = NO;
				ENABLE_STRICT_OBJC_MSGSEND = YES;
				GCC_C_LANGUAGE_STANDARD = gnu11;
				GCC_NO_COMMON_BLOCKS = YES;
				GCC_WARN_64_TO_32_BIT_CONVERSION = YES;
				GCC_WARN_ABOUT_RETURN_TYPE = YES_ERROR;
				GCC_WARN_UNDECLARED_SELECTOR = YES;
				GCC_WARN_UNINITIALIZED_AUTOS = YES_AGGRESSIVE;
				GCC_WARN_UNUSED_FUNCTION = YES;
				GCC_WARN_UNUSED_VARIABLE = YES;
				IPHONEOS_DEPLOYMENT_TARGET = 15.0;
				MTL_ENABLE_DEBUG_INFO = NO;
				MTL_FAST_MATH = YES;
				SDKROOT = iphoneos;
				SWIFT_COMPILATION_MODE = wholemodule;
				SWIFT_OPTIMIZATION_LEVEL = "-O";
				VALIDATE_PRODUCT = YES;
			};
			name = Release;
		};
		948246942716F4EB00B4A956 /* Debug */ = {
			isa = XCBuildConfiguration;
			buildSettings = {
				ASSETCATALOG_COMPILER_APPICON_NAME = AppIcon;
				ASSETCATALOG_COMPILER_GLOBAL_ACCENT_COLOR_NAME = AccentColor;
				CODE_SIGN_STYLE = Automatic;
				CURRENT_PROJECT_VERSION = 1;
				DEVELOPMENT_TEAM = 26B53P3XU6;
				GENERATE_INFOPLIST_FILE = YES;
				INFOPLIST_FILE = RentaTeam/Info.plist;
				INFOPLIST_KEY_UIApplicationSupportsIndirectInputEvents = YES;
				INFOPLIST_KEY_UILaunchStoryboardName = LaunchScreen;
				INFOPLIST_KEY_UISupportedInterfaceOrientations_iPad = "UIInterfaceOrientationPortrait UIInterfaceOrientationPortraitUpsideDown UIInterfaceOrientationLandscapeLeft UIInterfaceOrientationLandscapeRight";
				INFOPLIST_KEY_UISupportedInterfaceOrientations_iPhone = "UIInterfaceOrientationPortrait UIInterfaceOrientationLandscapeLeft UIInterfaceOrientationLandscapeRight";
				IPHONEOS_DEPLOYMENT_TARGET = 11.0;
				LD_RUNPATH_SEARCH_PATHS = (
					"$(inherited)",
					"@executable_path/Frameworks",
				);
				MARKETING_VERSION = 1.0;
				PRODUCT_BUNDLE_IDENTIFIER = Test.RentaTeam;
				PRODUCT_NAME = "$(TARGET_NAME)";
				SWIFT_EMIT_LOC_STRINGS = YES;
				SWIFT_VERSION = 5.0;
				TARGETED_DEVICE_FAMILY = "1,2";
			};
			name = Debug;
		};
		948246952716F4EB00B4A956 /* Release */ = {
			isa = XCBuildConfiguration;
			buildSettings = {
				ASSETCATALOG_COMPILER_APPICON_NAME = AppIcon;
				ASSETCATALOG_COMPILER_GLOBAL_ACCENT_COLOR_NAME = AccentColor;
				CODE_SIGN_STYLE = Automatic;
				CURRENT_PROJECT_VERSION = 1;
				DEVELOPMENT_TEAM = 26B53P3XU6;
				GENERATE_INFOPLIST_FILE = YES;
				INFOPLIST_FILE = RentaTeam/Info.plist;
				INFOPLIST_KEY_UIApplicationSupportsIndirectInputEvents = YES;
				INFOPLIST_KEY_UILaunchStoryboardName = LaunchScreen;
				INFOPLIST_KEY_UISupportedInterfaceOrientations_iPad = "UIInterfaceOrientationPortrait UIInterfaceOrientationPortraitUpsideDown UIInterfaceOrientationLandscapeLeft UIInterfaceOrientationLandscapeRight";
				INFOPLIST_KEY_UISupportedInterfaceOrientations_iPhone = "UIInterfaceOrientationPortrait UIInterfaceOrientationLandscapeLeft UIInterfaceOrientationLandscapeRight";
				IPHONEOS_DEPLOYMENT_TARGET = 11.0;
				LD_RUNPATH_SEARCH_PATHS = (
					"$(inherited)",
					"@executable_path/Frameworks",
				);
				MARKETING_VERSION = 1.0;
				PRODUCT_BUNDLE_IDENTIFIER = Test.RentaTeam;
				PRODUCT_NAME = "$(TARGET_NAME)";
				SWIFT_EMIT_LOC_STRINGS = YES;
				SWIFT_VERSION = 5.0;
				TARGETED_DEVICE_FAMILY = "1,2";
			};
			name = Release;
		};
/* End XCBuildConfiguration section */

/* Begin XCConfigurationList section */
		9482467A2716F4E800B4A956 /* Build configuration list for PBXProject "RentaTeam" */ = {
			isa = XCConfigurationList;
			buildConfigurations = (
				948246912716F4EB00B4A956 /* Debug */,
				948246922716F4EB00B4A956 /* Release */,
			);
			defaultConfigurationIsVisible = 0;
			defaultConfigurationName = Release;
		};
		948246932716F4EB00B4A956 /* Build configuration list for PBXNativeTarget "RentaTeam" */ = {
			isa = XCConfigurationList;
			buildConfigurations = (
				948246942716F4EB00B4A956 /* Debug */,
				948246952716F4EB00B4A956 /* Release */,
			);
			defaultConfigurationIsVisible = 0;
			defaultConfigurationName = Release;
		};
/* End XCConfigurationList section */
	};
	rootObject = 948246772716F4E800B4A956 /* Project object */;
}
